
Microsoft Visual Studio Solution File, Format Version 12.00
Project("{FAE04EC0-301F-11D3-BF4B-00C04F79EFBC}") = "Burndown", "Burndown\Burndown.csproj", "{DE2A595B-3961-43D9-BFB3-71C6B4B16830}"
EndProject
Project("{2150E333-8FDC-42A3-9474-1A3956D46DE8}") = "Assets", "Assets", "{DE9A0D5E-DCE6-4B1C-923A-7118ACB017A4}"
	ProjectSection(SolutionItems) = preProject
		..\.gitignore = ..\.gitignore
		..\dockerfile = ..\dockerfile
		..\docker-compose.yml = ..\docker-compose.yml
		..\run.ps1 = ..\run.ps1
		..\publish.cmd = ..\publish.cmd
	EndProjectSection
EndProject
Global
	GlobalSection(SolutionConfigurationPlatforms) = preSolution
		Debug|Any CPU = Debug|Any CPU
		Release|Any CPU = Release|Any CPU
	EndGlobalSection
	GlobalSection(ProjectConfigurationPlatforms) = postSolution
		{DE2A595B-3961-43D9-BFB3-71C6B4B16830}.Debug|Any CPU.ActiveCfg = Debug|Any CPU
		{DE2A595B-3961-43D9-BFB3-71C6B4B16830}.Debug|Any CPU.Build.0 = Debug|Any CPU
		{DE2A595B-3961-43D9-BFB3-71C6B4B16830}.Release|Any CPU.ActiveCfg = Release|Any CPU
		{DE2A595B-3961-43D9-BFB3-71C6B4B16830}.Release|Any CPU.Build.0 = Release|Any CPU
	EndGlobalSection
EndGlobal
